
Microsoft Visual Studio Solution File, Format Version 12.00
# Visual Studio Version 16
VisualStudioVersion = 16.0.28729.10
MinimumVisualStudioVersion = 10.0.40219.1
Project("{9A19103F-16F7-4668-BE54-9A1E7A4F7556}") = "BilgeAdam.CinemaScope", "BilgeAdam.CinemaScope\BilgeAdam.CinemaScope.csproj", "{DCC060D7-E4DA-4215-BC9A-208A9F755118}"
EndProject
Global
	GlobalSection(SolutionConfigurationPlatforms) = preSolution
		Debug|Any CPU = Debug|Any CPU
		Release|Any CPU = Release|Any CPU
	EndGlobalSection
	GlobalSection(ProjectConfigurationPlatforms) = postSolution
		{DCC060D7-E4DA-4215-BC9A-208A9F755118}.Debug|Any CPU.ActiveCfg = Debug|Any CPU
		{DCC060D7-E4DA-4215-BC9A-208A9F755118}.Debug|Any CPU.Build.0 = Debug|Any CPU
		{DCC060D7-E4DA-4215-BC9A-208A9F755118}.Release|Any CPU.ActiveCfg = Release|Any CPU
		{DCC060D7-E4DA-4215-BC9A-208A9F755118}.Release|Any CPU.Build.0 = Release|Any CPU
	EndGlobalSection
	GlobalSection(SolutionProperties) = preSolution
		HideSolutionNode = FALSE
	EndGlobalSection
	GlobalSection(ExtensibilityGlobals) = postSolution
		SolutionGuid = {DABB04C9-CE1E-4B2E-9B5A-531F1CDCAE6D}
	EndGlobalSection
EndGlobal
